
Microsoft Visual Studio Solution File, Format Version 12.00
# Visual Studio Version 17
VisualStudioVersion = 17.11.35327.3
MinimumVisualStudioVersion = 10.0.40219.1
Project("{FAE04EC0-301F-11D3-BF4B-00C04F79EFBC}") = "MyFirstProject_1", "MyFirstProject_1\MyFirstProject_1.csproj", "{AD2633E6-9DE7-4431-93A7-9E1AD40910C1}"
EndProject
Project("{FAE04EC0-301F-11D3-BF4B-00C04F79EFBC}") = "Lesson2", "Project2\Lesson2.csproj", "{68B1F8DE-EDA4-438B-A332-B19BADAA8436}"
EndProject
Project("{FAE04EC0-301F-11D3-BF4B-00C04F79EFBC}") = "Lesson_3", "Lesson_3\Lesson_3.csproj", "{94A210A4-9008-4B62-AB9E-15229493BAB5}"
EndProject
Project("{FAE04EC0-301F-11D3-BF4B-00C04F79EFBC}") = "Lesson_4", "Lesson_4\Lesson_4.csproj", "{4CC428FF-B403-43EF-B98B-18D814D53CDF}"
EndProject
Project("{FAE04EC0-301F-11D3-BF4B-00C04F79EFBC}") = "Lesson_5", "Lesson_5\Lesson_5.csproj", "{C17AE04C-EDA2-4687-92FB-150D4064912F}"
EndProject
Project("{FAE04EC0-301F-11D3-BF4B-00C04F79EFBC}") = "Lesson_6", "Lesson_6\Lesson_6.csproj", "{E44AAF1A-0F3F-4D44-9CBF-5E22928FB87E}"
EndProject
Project("{FAE04EC0-301F-11D3-BF4B-00C04F79EFBC}") = "Lesson_7", "Lesson_7\Lesson_7.csproj", "{01134FB7-DDBC-4681-A0DA-4A0E34227D32}"
EndProject
Project("{FAE04EC0-301F-11D3-BF4B-00C04F79EFBC}") = "Lesson_8", "Lesson_8\Lesson_8.csproj", "{F1D8E300-0A22-40E5-B1DA-4C34A8BBE860}"
EndProject
Project("{FAE04EC0-301F-11D3-BF4B-00C04F79EFBC}") = "Lesson_9", "Lesson_9\Lesson_9.csproj", "{EB43B8C8-5395-48B7-A93A-FF7AEF4625E7}"
EndProject
Project("{FAE04EC0-301F-11D3-BF4B-00C04F79EFBC}") = "Lesson_10", "Lesson_10\Lesson_10.csproj", "{749C94ED-7A2F-4886-BCFA-1753EEDDC316}"
EndProject
Project("{FAE04EC0-301F-11D3-BF4B-00C04F79EFBC}") = "Lesson_11", "Lesson_11\Lesson_11.csproj", "{4C936A29-DE26-4ABD-8CD5-6EC4252BA686}"
EndProject
Project("{FAE04EC0-301F-11D3-BF4B-00C04F79EFBC}") = "Lesson_12", "Lesson_12\Lesson_12.csproj", "{A5E3E5A1-218F-4264-817A-BF1CE61E0692}"
EndProject
Project("{FAE04EC0-301F-11D3-BF4B-00C04F79EFBC}") = "Lesson_13", "Lesson_13\Lesson_13.csproj", "{12AE7BC1-714A-483B-845C-26E50A07CA12}"
EndProject
Project("{FAE04EC0-301F-11D3-BF4B-00C04F79EFBC}") = "Lesson_14", "Lesson_14\Lesson_14.csproj", "{AFFD47C7-219C-46FE-9F03-7F0E4C30CAC2}"
EndProject
Project("{FAE04EC0-301F-11D3-BF4B-00C04F79EFBC}") = "Lesson_15", "Lesson_15\Lesson_15.csproj", "{DE219500-76D7-47D7-BF7E-4729575C16ED}"
EndProject
Project("{FAE04EC0-301F-11D3-BF4B-00C04F79EFBC}") = "Lesson_16", "Lesson_16\Lesson_16.csproj", "{5605C63C-EB77-4778-8586-219FA2DC145A}"
EndProject
Project("{FAE04EC0-301F-11D3-BF4B-00C04F79EFBC}") = "Lesson_17", "Lesson_17\Lesson_17.csproj", "{8DB79EBD-464A-4105-B3AB-B31A325D3D02}"
EndProject
Project("{FAE04EC0-301F-11D3-BF4B-00C04F79EFBC}") = "Lesson_18", "Lesson_18\Lesson_18.csproj", "{9ADF4E5E-B820-47F9-871E-D02B9FB36BB2}"
EndProject
Project("{FAE04EC0-301F-11D3-BF4B-00C04F79EFBC}") = "Lesson_19", "Lesson_19\Lesson_19.csproj", "{736EEE66-1567-4BF0-B393-1DE2AAB47C89}"
EndProject
Project("{FAE04EC0-301F-11D3-BF4B-00C04F79EFBC}") = "Lesson_20", "Lesson_20\Lesson_20.csproj", "{0A6E7663-A148-43E1-9682-EB2642EE9B36}"
EndProject
Project("{FAE04EC0-301F-11D3-BF4B-00C04F79EFBC}") = "CommandConsole", "CommandConsole\CommandConsole.csproj", "{C7E419BC-BD0C-45E2-94DE-BFCEEDE94D3F}"
EndProject
Project("{FAE04EC0-301F-11D3-BF4B-00C04F79EFBC}") = "Lesson_21", "Lesson_21\Lesson_21.csproj", "{AC1C4C18-142D-4AFB-A527-4DF669A5759E}"
EndProject
Project("{FAE04EC0-301F-11D3-BF4B-00C04F79EFBC}") = "Lesson_22", "Lesson_22\Lesson_22.csproj", "{29AD85AD-5334-422C-A05A-408BBE08AA45}"
EndProject
Project("{FAE04EC0-301F-11D3-BF4B-00C04F79EFBC}") = "Lesson_23", "Lesson_23\Lesson_23.csproj", "{6CAFA0CA-5511-4EEE-BD95-62D1E9CA0AAE}"
EndProject
Project("{FAE04EC0-301F-11D3-BF4B-00C04F79EFBC}") = "Lesson_24", "Lesson_24\Lesson_24.csproj", "{0ECA0329-786B-4FD8-A6E3-5848A2772E1A}"
EndProject
Global
	GlobalSection(SolutionConfigurationPlatforms) = preSolution
		Debug|Any CPU = Debug|Any CPU
		Release|Any CPU = Release|Any CPU
	EndGlobalSection
	GlobalSection(ProjectConfigurationPlatforms) = postSolution
		{AD2633E6-9DE7-4431-93A7-9E1AD40910C1}.Debug|Any CPU.ActiveCfg = Debug|Any CPU
		{AD2633E6-9DE7-4431-93A7-9E1AD40910C1}.Debug|Any CPU.Build.0 = Debug|Any CPU
		{AD2633E6-9DE7-4431-93A7-9E1AD40910C1}.Release|Any CPU.ActiveCfg = Release|Any CPU
		{AD2633E6-9DE7-4431-93A7-9E1AD40910C1}.Release|Any CPU.Build.0 = Release|Any CPU
		{68B1F8DE-EDA4-438B-A332-B19BADAA8436}.Debug|Any CPU.ActiveCfg = Debug|Any CPU
		{68B1F8DE-EDA4-438B-A332-B19BADAA8436}.Debug|Any CPU.Build.0 = Debug|Any CPU
		{68B1F8DE-EDA4-438B-A332-B19BADAA8436}.Release|Any CPU.ActiveCfg = Release|Any CPU
		{68B1F8DE-EDA4-438B-A332-B19BADAA8436}.Release|Any CPU.Build.0 = Release|Any CPU
		{94A210A4-9008-4B62-AB9E-15229493BAB5}.Debug|Any CPU.ActiveCfg = Debug|Any CPU
		{94A210A4-9008-4B62-AB9E-15229493BAB5}.Debug|Any CPU.Build.0 = Debug|Any CPU
		{94A210A4-9008-4B62-AB9E-15229493BAB5}.Release|Any CPU.ActiveCfg = Release|Any CPU
		{94A210A4-9008-4B62-AB9E-15229493BAB5}.Release|Any CPU.Build.0 = Release|Any CPU
		{4CC428FF-B403-43EF-B98B-18D814D53CDF}.Debug|Any CPU.ActiveCfg = Debug|Any CPU
		{4CC428FF-B403-43EF-B98B-18D814D53CDF}.Debug|Any CPU.Build.0 = Debug|Any CPU
		{4CC428FF-B403-43EF-B98B-18D814D53CDF}.Release|Any CPU.ActiveCfg = Release|Any CPU
		{4CC428FF-B403-43EF-B98B-18D814D53CDF}.Release|Any CPU.Build.0 = Release|Any CPU
		{C17AE04C-EDA2-4687-92FB-150D4064912F}.Debug|Any CPU.ActiveCfg = Debug|Any CPU
		{C17AE04C-EDA2-4687-92FB-150D4064912F}.Debug|Any CPU.Build.0 = Debug|Any CPU
		{C17AE04C-EDA2-4687-92FB-150D4064912F}.Release|Any CPU.ActiveCfg = Release|Any CPU
		{C17AE04C-EDA2-4687-92FB-150D4064912F}.Release|Any CPU.Build.0 = Release|Any CPU
		{E44AAF1A-0F3F-4D44-9CBF-5E22928FB87E}.Debug|Any CPU.ActiveCfg = Debug|Any CPU
		{E44AAF1A-0F3F-4D44-9CBF-5E22928FB87E}.Debug|Any CPU.Build.0 = Debug|Any CPU
		{E44AAF1A-0F3F-4D44-9CBF-5E22928FB87E}.Release|Any CPU.ActiveCfg = Release|Any CPU
		{E44AAF1A-0F3F-4D44-9CBF-5E22928FB87E}.Release|Any CPU.Build.0 = Release|Any CPU
		{01134FB7-DDBC-4681-A0DA-4A0E34227D32}.Debug|Any CPU.ActiveCfg = Debug|Any CPU
		{01134FB7-DDBC-4681-A0DA-4A0E34227D32}.Debug|Any CPU.Build.0 = Debug|Any CPU
		{01134FB7-DDBC-4681-A0DA-4A0E34227D32}.Release|Any CPU.ActiveCfg = Release|Any CPU
		{01134FB7-DDBC-4681-A0DA-4A0E34227D32}.Release|Any CPU.Build.0 = Release|Any CPU
		{F1D8E300-0A22-40E5-B1DA-4C34A8BBE860}.Debug|Any CPU.ActiveCfg = Debug|Any CPU
		{F1D8E300-0A22-40E5-B1DA-4C34A8BBE860}.Debug|Any CPU.Build.0 = Debug|Any CPU
		{F1D8E300-0A22-40E5-B1DA-4C34A8BBE860}.Release|Any CPU.ActiveCfg = Release|Any CPU
		{F1D8E300-0A22-40E5-B1DA-4C34A8BBE860}.Release|Any CPU.Build.0 = Release|Any CPU
		{EB43B8C8-5395-48B7-A93A-FF7AEF4625E7}.Debug|Any CPU.ActiveCfg = Debug|Any CPU
		{EB43B8C8-5395-48B7-A93A-FF7AEF4625E7}.Debug|Any CPU.Build.0 = Debug|Any CPU
		{EB43B8C8-5395-48B7-A93A-FF7AEF4625E7}.Release|Any CPU.ActiveCfg = Release|Any CPU
		{EB43B8C8-5395-48B7-A93A-FF7AEF4625E7}.Release|Any CPU.Build.0 = Release|Any CPU
		{749C94ED-7A2F-4886-BCFA-1753EEDDC316}.Debug|Any CPU.ActiveCfg = Debug|Any CPU
		{749C94ED-7A2F-4886-BCFA-1753EEDDC316}.Debug|Any CPU.Build.0 = Debug|Any CPU
		{749C94ED-7A2F-4886-BCFA-1753EEDDC316}.Release|Any CPU.ActiveCfg = Release|Any CPU
		{749C94ED-7A2F-4886-BCFA-1753EEDDC316}.Release|Any CPU.Build.0 = Release|Any CPU
		{4C936A29-DE26-4ABD-8CD5-6EC4252BA686}.Debug|Any CPU.ActiveCfg = Debug|Any CPU
		{4C936A29-DE26-4ABD-8CD5-6EC4252BA686}.Debug|Any CPU.Build.0 = Debug|Any CPU
		{4C936A29-DE26-4ABD-8CD5-6EC4252BA686}.Release|Any CPU.ActiveCfg = Release|Any CPU
		{4C936A29-DE26-4ABD-8CD5-6EC4252BA686}.Release|Any CPU.Build.0 = Release|Any CPU
		{A5E3E5A1-218F-4264-817A-BF1CE61E0692}.Debug|Any CPU.ActiveCfg = Debug|Any CPU
		{A5E3E5A1-218F-4264-817A-BF1CE61E0692}.Debug|Any CPU.Build.0 = Debug|Any CPU
		{A5E3E5A1-218F-4264-817A-BF1CE61E0692}.Release|Any CPU.ActiveCfg = Release|Any CPU
		{A5E3E5A1-218F-4264-817A-BF1CE61E0692}.Release|Any CPU.Build.0 = Release|Any CPU
		{12AE7BC1-714A-483B-845C-26E50A07CA12}.Debug|Any CPU.ActiveCfg = Debug|Any CPU
		{12AE7BC1-714A-483B-845C-26E50A07CA12}.Debug|Any CPU.Build.0 = Debug|Any CPU
		{12AE7BC1-714A-483B-845C-26E50A07CA12}.Release|Any CPU.ActiveCfg = Release|Any CPU
		{12AE7BC1-714A-483B-845C-26E50A07CA12}.Release|Any CPU.Build.0 = Release|Any CPU
		{AFFD47C7-219C-46FE-9F03-7F0E4C30CAC2}.Debug|Any CPU.ActiveCfg = Debug|Any CPU
		{AFFD47C7-219C-46FE-9F03-7F0E4C30CAC2}.Debug|Any CPU.Build.0 = Debug|Any CPU
		{AFFD47C7-219C-46FE-9F03-7F0E4C30CAC2}.Release|Any CPU.ActiveCfg = Release|Any CPU
		{AFFD47C7-219C-46FE-9F03-7F0E4C30CAC2}.Release|Any CPU.Build.0 = Release|Any CPU
		{DE219500-76D7-47D7-BF7E-4729575C16ED}.Debug|Any CPU.ActiveCfg = Debug|Any CPU
		{DE219500-76D7-47D7-BF7E-4729575C16ED}.Debug|Any CPU.Build.0 = Debug|Any CPU
		{DE219500-76D7-47D7-BF7E-4729575C16ED}.Release|Any CPU.ActiveCfg = Release|Any CPU
		{DE219500-76D7-47D7-BF7E-4729575C16ED}.Release|Any CPU.Build.0 = Release|Any CPU
		{5605C63C-EB77-4778-8586-219FA2DC145A}.Debug|Any CPU.ActiveCfg = Debug|Any CPU
		{5605C63C-EB77-4778-8586-219FA2DC145A}.Debug|Any CPU.Build.0 = Debug|Any CPU
		{5605C63C-EB77-4778-8586-219FA2DC145A}.Release|Any CPU.ActiveCfg = Release|Any CPU
		{5605C63C-EB77-4778-8586-219FA2DC145A}.Release|Any CPU.Build.0 = Release|Any CPU
		{8DB79EBD-464A-4105-B3AB-B31A325D3D02}.Debug|Any CPU.ActiveCfg = Debug|Any CPU
		{8DB79EBD-464A-4105-B3AB-B31A325D3D02}.Debug|Any CPU.Build.0 = Debug|Any CPU
		{8DB79EBD-464A-4105-B3AB-B31A325D3D02}.Release|Any CPU.ActiveCfg = Release|Any CPU
		{8DB79EBD-464A-4105-B3AB-B31A325D3D02}.Release|Any CPU.Build.0 = Release|Any CPU
		{9ADF4E5E-B820-47F9-871E-D02B9FB36BB2}.Debug|Any CPU.ActiveCfg = Debug|Any CPU
		{9ADF4E5E-B820-47F9-871E-D02B9FB36BB2}.Debug|Any CPU.Build.0 = Debug|Any CPU
		{9ADF4E5E-B820-47F9-871E-D02B9FB36BB2}.Release|Any CPU.ActiveCfg = Release|Any CPU
		{9ADF4E5E-B820-47F9-871E-D02B9FB36BB2}.Release|Any CPU.Build.0 = Release|Any CPU
		{736EEE66-1567-4BF0-B393-1DE2AAB47C89}.Debug|Any CPU.ActiveCfg = Debug|Any CPU
		{736EEE66-1567-4BF0-B393-1DE2AAB47C89}.Debug|Any CPU.Build.0 = Debug|Any CPU
		{736EEE66-1567-4BF0-B393-1DE2AAB47C89}.Release|Any CPU.ActiveCfg = Release|Any CPU
		{736EEE66-1567-4BF0-B393-1DE2AAB47C89}.Release|Any CPU.Build.0 = Release|Any CPU
		{0A6E7663-A148-43E1-9682-EB2642EE9B36}.Debug|Any CPU.ActiveCfg = Debug|Any CPU
		{0A6E7663-A148-43E1-9682-EB2642EE9B36}.Debug|Any CPU.Build.0 = Debug|Any CPU
		{0A6E7663-A148-43E1-9682-EB2642EE9B36}.Release|Any CPU.ActiveCfg = Release|Any CPU
		{0A6E7663-A148-43E1-9682-EB2642EE9B36}.Release|Any CPU.Build.0 = Release|Any CPU
		{C7E419BC-BD0C-45E2-94DE-BFCEEDE94D3F}.Debug|Any CPU.ActiveCfg = Debug|Any CPU
		{C7E419BC-BD0C-45E2-94DE-BFCEEDE94D3F}.Debug|Any CPU.Build.0 = Debug|Any CPU
		{C7E419BC-BD0C-45E2-94DE-BFCEEDE94D3F}.Release|Any CPU.ActiveCfg = Release|Any CPU
		{C7E419BC-BD0C-45E2-94DE-BFCEEDE94D3F}.Release|Any CPU.Build.0 = Release|Any CPU
		{AC1C4C18-142D-4AFB-A527-4DF669A5759E}.Debug|Any CPU.ActiveCfg = Debug|Any CPU
		{AC1C4C18-142D-4AFB-A527-4DF669A5759E}.Debug|Any CPU.Build.0 = Debug|Any CPU
		{AC1C4C18-142D-4AFB-A527-4DF669A5759E}.Release|Any CPU.ActiveCfg = Release|Any CPU
		{AC1C4C18-142D-4AFB-A527-4DF669A5759E}.Release|Any CPU.Build.0 = Release|Any CPU
		{29AD85AD-5334-422C-A05A-408BBE08AA45}.Debug|Any CPU.ActiveCfg = Debug|Any CPU
		{29AD85AD-5334-422C-A05A-408BBE08AA45}.Debug|Any CPU.Build.0 = Debug|Any CPU
		{29AD85AD-5334-422C-A05A-408BBE08AA45}.Release|Any CPU.ActiveCfg = Release|Any CPU
		{29AD85AD-5334-422C-A05A-408BBE08AA45}.Release|Any CPU.Build.0 = Release|Any CPU
		{6CAFA0CA-5511-4EEE-BD95-62D1E9CA0AAE}.Debug|Any CPU.ActiveCfg = Debug|Any CPU
		{6CAFA0CA-5511-4EEE-BD95-62D1E9CA0AAE}.Debug|Any CPU.Build.0 = Debug|Any CPU
		{6CAFA0CA-5511-4EEE-BD95-62D1E9CA0AAE}.Release|Any CPU.ActiveCfg = Release|Any CPU
		{6CAFA0CA-5511-4EEE-BD95-62D1E9CA0AAE}.Release|Any CPU.Build.0 = Release|Any CPU
		{0ECA0329-786B-4FD8-A6E3-5848A2772E1A}.Debug|Any CPU.ActiveCfg = Debug|Any CPU
		{0ECA0329-786B-4FD8-A6E3-5848A2772E1A}.Debug|Any CPU.Build.0 = Debug|Any CPU
		{0ECA0329-786B-4FD8-A6E3-5848A2772E1A}.Release|Any CPU.ActiveCfg = Release|Any CPU
		{0ECA0329-786B-4FD8-A6E3-5848A2772E1A}.Release|Any CPU.Build.0 = Release|Any CPU
	EndGlobalSection
	GlobalSection(SolutionProperties) = preSolution
		HideSolutionNode = FALSE
	EndGlobalSection
	GlobalSection(ExtensibilityGlobals) = postSolution
		SolutionGuid = {B669DE2F-E48E-4245-8608-EE4FF314E751}
	EndGlobalSection
EndGlobal
